
Microsoft Visual Studio Solution File, Format Version 12.00
# Visual Studio Version 17
VisualStudioVersion = 17.7.34221.43
MinimumVisualStudioVersion = 10.0.40219.1
Project("{FAE04EC0-301F-11D3-BF4B-00C04F79EFBC}") = "CS311_Project3_LTC", "CS311_Project3_LTC.csproj", "{BD87EEAD-C268-483D-8D39-5028A0651204}"
EndProject
Global
	GlobalSection(SolutionConfigurationPlatforms) = preSolution
		Debug|Any CPU = Debug|Any CPU
		Release|Any CPU = Release|Any CPU
	EndGlobalSection
	GlobalSection(ProjectConfigurationPlatforms) = postSolution
		{BD87EEAD-C268-483D-8D39-5028A0651204}.Debug|Any CPU.ActiveCfg = Debug|Any CPU
		{BD87EEAD-C268-483D-8D39-5028A0651204}.Debug|Any CPU.Build.0 = Debug|Any CPU
		{BD87EEAD-C268-483D-8D39-5028A0651204}.Release|Any CPU.ActiveCfg = Release|Any CPU
		{BD87EEAD-C268-483D-8D39-5028A0651204}.Release|Any CPU.Build.0 = Release|Any CPU
	EndGlobalSection
	GlobalSection(SolutionProperties) = preSolution
		HideSolutionNode = FALSE
	EndGlobalSection
	GlobalSection(ExtensibilityGlobals) = postSolution
		SolutionGuid = {578F0EAA-BD99-4A94-A88A-A23860ADFD53}
	EndGlobalSection
EndGlobal
